// !$*UTF8*$!
{
	archiveVersion = 1;
	classes = {
	};
	objectVersion = 50;
	objects = {

/* Begin PBXBuildFile section */
		7B4F04289B70F6461BE7880D /* libPods-FirstPod.a in Frameworks */ = {isa = PBXBuildFile; fileRef = 1C960A92B9345C1DDB1B069C /* libPods-FirstPod.a */; };
		AF59E6E520C8C16D008F975C /* AppDelegate.m in Sources */ = {isa = PBXBuildFile; fileRef = AF59E6E420C8C16D008F975C /* AppDelegate.m */; };
		AF59E6E820C8C16E008F975C /* ViewController.m in Sources */ = {isa = PBXBuildFile; fileRef = AF59E6E720C8C16E008F975C /* ViewController.m */; };
		AF59E6EB20C8C16E008F975C /* Main.storyboard in Resources */ = {isa = PBXBuildFile; fileRef = AF59E6E920C8C16E008F975C /* Main.storyboard */; };
		AF59E6ED20C8C172008F975C /* Assets.xcassets in Resources */ = {isa = PBXBuildFile; fileRef = AF59E6EC20C8C172008F975C /* Assets.xcassets */; };
		AF59E6F020C8C172008F975C /* LaunchScreen.storyboard in Resources */ = {isa = PBXBuildFile; fileRef = AF59E6EE20C8C172008F975C /* LaunchScreen.storyboard */; };
		AF59E6F320C8C172008F975C /* main.m in Sources */ = {isa = PBXBuildFile; fileRef = AF59E6F220C8C172008F975C /* main.m */; };
/* End PBXBuildFile section */

/* Begin PBXFileReference section */
		1C960A92B9345C1DDB1B069C /* libPods-FirstPod.a */ = {isa = PBXFileReference; explicitFileType = archive.ar; includeInIndex = 0; path = "libPods-FirstPod.a"; sourceTree = BUILT_PRODUCTS_DIR; };
		74D72956FB9685A70508BAA2 /* Pods-FirstPod.debug.xcconfig */ = {isa = PBXFileReference; includeInIndex = 1; lastKnownFileType = text.xcconfig; name = "Pods-FirstPod.debug.xcconfig"; path = "Pods/Target Support Files/Pods-FirstPod/Pods-FirstPod.debug.xcconfig"; sourceTree = "<group>"; };
		90E457EDEE02B8AE51F3C00C /* Pods-FirstPod.release.xcconfig */ = {isa = PBXFileReference; includeInIndex = 1; lastKnownFileType = text.xcconfig; name = "Pods-FirstPod.release.xcconfig"; path = "Pods/Target Support Files/Pods-FirstPod/Pods-FirstPod.release.xcconfig"; sourceTree = "<group>"; };
		AF59E6E020C8C16D008F975C /* FirstPod.app */ = {isa = PBXFileReference; explicitFileType = wrapper.application; includeInIndex = 0; path = FirstPod.app; sourceTree = BUILT_PRODUCTS_DIR; };
		AF59E6E320C8C16D008F975C /* AppDelegate.h */ = {isa = PBXFileReference; lastKnownFileType = sourcecode.c.h; path = AppDelegate.h; sourceTree = "<group>"; };
		AF59E6E420C8C16D008F975C /* AppDelegate.m */ = {isa = PBXFileReference; lastKnownFileType = sourcecode.c.objc; path = AppDelegate.m; sourceTree = "<group>"; };
		AF59E6E620C8C16E008F975C /* ViewController.h */ = {isa = PBXFileReference; lastKnownFileType = sourcecode.c.h; path = ViewController.h; sourceTree = "<group>"; };
		AF59E6E720C8C16E008F975C /* ViewController.m */ = {isa = PBXFileReference; lastKnownFileType = sourcecode.c.objc; path = ViewController.m; sourceTree = "<group>"; };
		AF59E6EA20C8C16E008F975C /* Base */ = {isa = PBXFileReference; lastKnownFileType = file.storyboard; name = Base; path = Base.lproj/Main.storyboard; sourceTree = "<group>"; };
		AF59E6EC20C8C172008F975C /* Assets.xcassets */ = {isa = PBXFileReference; lastKnownFileType = folder.assetcatalog; path = Assets.xcassets; sourceTree = "<group>"; };
		AF59E6EF20C8C172008F975C /* Base */ = {isa = PBXFileReference; lastKnownFileType = file.storyboard; name = Base; path = Base.lproj/LaunchScreen.storyboard; sourceTree = "<group>"; };
		AF59E6F120C8C172008F975C /* Info.plist */ = {isa = PBXFileReference; lastKnownFileType = text.plist.xml; path = Info.plist; sourceTree = "<group>"; };
		AF59E6F220C8C172008F975C /* main.m */ = {isa = PBXFileReference; lastKnownFileType = sourcecode.c.objc; path = main.m; sourceTree = "<group>"; };
/* End PBXFileReference section */

/* Begin PBXFrameworksBuildPhase section */
		AF59E6DD20C8C16D008F975C /* Frameworks */ = {
			isa = PBXFrameworksBuildPhase;
			buildActionMask = 2147483647;
			files = (
				7B4F04289B70F6461BE7880D /* libPods-FirstPod.a in Frameworks */,
			);
			runOnlyForDeploymentPostprocessing = 0;
		};
/* End PBXFrameworksBuildPhase section */

/* Begin PBXGroup section */
		18DBCE8F6140F0F59F771A35 /* Frameworks */ = {
			isa = PBXGroup;
			children = (
				1C960A92B9345C1DDB1B069C /* libPods-FirstPod.a */,
			);
			name = Frameworks;
			sourceTree = "<group>";
		};
		AF59E6D720C8C16D008F975C = {
			isa = PBXGroup;
			children = (
				AF59E6E220C8C16D008F975C /* FirstPod */,
				AF59E6E120C8C16D008F975C /* Products */,
				E2E835373DBC691E978DD386 /* Pods */,
				18DBCE8F6140F0F59F771A35 /* Frameworks */,
			);
			sourceTree = "<group>";
		};
		AF59E6E120C8C16D008F975C /* Products */ = {
			isa = PBXGroup;
			children = (
				AF59E6E020C8C16D008F975C /* FirstPod.app */,
			);
			name = Products;
			sourceTree = "<group>";
		};
		AF59E6E220C8C16D008F975C /* FirstPod */ = {
			isa = PBXGroup;
			children = (
				AF59E6E320C8C16D008F975C /* AppDelegate.h */,
				AF59E6E420C8C16D008F975C /* AppDelegate.m */,
				AF59E6E620C8C16E008F975C /* ViewController.h */,
				AF59E6E720C8C16E008F975C /* ViewController.m */,
				AF59E6E920C8C16E008F975C /* Main.storyboard */,
				AF59E6EC20C8C172008F975C /* Assets.xcassets */,
				AF59E6EE20C8C172008F975C /* LaunchScreen.storyboard */,
				AF59E6F120C8C172008F975C /* Info.plist */,
				AF59E6F220C8C172008F975C /* main.m */,
			);
			path = FirstPod;
			sourceTree = "<group>";
		};
		E2E835373DBC691E978DD386 /* Pods */ = {
			isa = PBXGroup;
			children = (
				74D72956FB9685A70508BAA2 /* Pods-FirstPod.debug.xcconfig */,
				90E457EDEE02B8AE51F3C00C /* Pods-FirstPod.release.xcconfig */,
			);
			name = Pods;
			sourceTree = "<group>";
		};
/* End PBXGroup section */

/* Begin PBXNativeTarget section */
		AF59E6DF20C8C16D008F975C /* FirstPod */ = {
			isa = PBXNativeTarget;
			buildConfigurationList = AF59E6F620C8C172008F975C /* Build configuration list for PBXNativeTarget "FirstPod" */;
			buildPhases = (
				30822848BA86E7FDA95BF010 /* [CP] Check Pods Manifest.lock */,
				AF59E6DC20C8C16D008F975C /* Sources */,
				AF59E6DD20C8C16D008F975C /* Frameworks */,
				AF59E6DE20C8C16D008F975C /* Resources */,
			);
			buildRules = (
			);
			dependencies = (
			);
			name = FirstPod;
			productName = FirstPod;
			productReference = AF59E6E020C8C16D008F975C /* FirstPod.app */;
			productType = "com.apple.product-type.application";
		};
/* End PBXNativeTarget section */

/* Begin PBXProject section */
		AF59E6D820C8C16D008F975C /* Project object */ = {
			isa = PBXProject;
			attributes = {
				LastUpgradeCheck = 0940;
				ORGANIZATIONNAME = JiaXiaochao;
				TargetAttributes = {
					AF59E6DF20C8C16D008F975C = {
						CreatedOnToolsVersion = 9.4;
					};
				};
			};
			buildConfigurationList = AF59E6DB20C8C16D008F975C /* Build configuration list for PBXProject "FirstPod" */;
			compatibilityVersion = "Xcode 9.3";
			developmentRegion = en;
			hasScannedForEncodings = 0;
			knownRegions = (
				en,
				Base,
			);
			mainGroup = AF59E6D720C8C16D008F975C;
			productRefGroup = AF59E6E120C8C16D008F975C /* Products */;
			projectDirPath = "";
			projectRoot = "";
			targets = (
				AF59E6DF20C8C16D008F975C /* FirstPod */,
			);
		};
/* End PBXProject section */

/* Begin PBXResourcesBuildPhase section */
		AF59E6DE20C8C16D008F975C /* Resources */ = {
			isa = PBXResourcesBuildPhase;
			buildActionMask = 2147483647;
			files = (
				AF59E6F020C8C172008F975C /* LaunchScreen.storyboard in Resources */,
				AF59E6ED20C8C172008F975C /* Assets.xcassets in Resources */,
				AF59E6EB20C8C16E008F975C /* Main.storyboard in Resources */,
			);
			runOnlyForDeploymentPostprocessing = 0;
		};
/* End PBXResourcesBuildPhase section */

/* Begin PBXShellScriptBuildPhase section */
		30822848BA86E7FDA95BF010 /* [CP] Check Pods Manifest.lock */ = {
			isa = PBXShellScriptBuildPhase;
			buildActionMask = 2147483647;
			files = (
			);
			inputPaths = (
				"${PODS_PODFILE_DIR_PATH}/Podfile.lock",
				"${PODS_ROOT}/Manifest.lock",
			);
			name = "[CP] Check Pods Manifest.lock";
			outputPaths = (
				"$(DERIVED_FILE_DIR)/Pods-FirstPod-checkManifestLockResult.txt",
			);
			runOnlyForDeploymentPostprocessing = 0;
			shellPath = /bin/sh;
			shellScript = "diff \"${PODS_PODFILE_DIR_PATH}/Podfile.lock\" \"${PODS_ROOT}/Manifest.lock\" > /dev/null\nif [ $? != 0 ] ; then\n    # print error to STDERR\n    echo \"error: The sandbox is not in sync with the Podfile.lock. Run 'pod install' or update your CocoaPods installation.\" >&2\n    exit 1\nfi\n# This output is used by Xcode 'outputs' to avoid re-running this script phase.\necho \"SUCCESS\" > \"${SCRIPT_OUTPUT_FILE_0}\"\n";
			showEnvVarsInLog = 0;
		};
/* End PBXShellScriptBuildPhase section */

/* Begin PBXSourcesBuildPhase section */
		AF59E6DC20C8C16D008F975C /* Sources */ = {
			isa = PBXSourcesBuildPhase;
			buildActionMask = 2147483647;
			files = (
				AF59E6E820C8C16E008F975C /* ViewController.m in Sources */,
				AF59E6F320C8C172008F975C /* main.m in Sources */,
				AF59E6E520C8C16D008F975C /* AppDelegate.m in Sources */,
			);
			runOnlyForDeploymentPostprocessing = 0;
		};
/* End PBXSourcesBuildPhase section */

/* Begin PBXVariantGroup section */
		AF59E6E920C8C16E008F975C /* Main.storyboard */ = {
			isa = PBXVariantGroup;
			children = (
				AF59E6EA20C8C16E008F975C /* Base */,
			);
			name = Main.storyboard;
			sourceTree = "<group>";
		};
		AF59E6EE20C8C172008F975C /* LaunchScreen.storyboard */ = {
			isa = PBXVariantGroup;
			children = (
				AF59E6EF20C8C172008F975C /* Base */,
			);
			name = LaunchScreen.storyboard;
			sourceTree = "<group>";
		};
/* End PBXVariantGroup section */

/* Begin XCBuildConfiguration section */
		AF59E6F420C8C172008F975C /* Debug */ = {
			isa = XCBuildConfiguration;
			buildSettings = {
				ALWAYS_SEARCH_USER_PATHS = NO;
				CLANG_ANALYZER_NONNULL = YES;
				CLANG_ANALYZER_NUMBER_OBJECT_CONVERSION = YES_AGGRESSIVE;
				CLANG_CXX_LANGUAGE_STANDARD = "gnu++14";
				CLANG_CXX_LIBRARY = "libc++";
				CLANG_ENABLE_MODULES = YES;
				CLANG_ENABLE_OBJC_ARC = YES;
				CLANG_ENABLE_OBJC_WEAK = YES;
				CLANG_WARN_BLOCK_CAPTURE_AUTORELEASING = YES;
				CLANG_WARN_BOOL_CONVERSION = YES;
				CLANG_WARN_COMMA = YES;
				CLANG_WARN_CONSTANT_CONVERSION = YES;
				CLANG_WARN_DEPRECATED_OBJC_IMPLEMENTATIONS = YES;
				CLANG_WARN_DIRECT_OBJC_ISA_USAGE = YES_ERROR;
				CLANG_WARN_DOCUMENTATION_COMMENTS = YES;
				CLANG_WARN_EMPTY_BODY = YES;
				CLANG_WARN_ENUM_CONVERSION = YES;
				CLANG_WARN_INFINITE_RECURSION = YES;
				CLANG_WARN_INT_CONVERSION = YES;
				CLANG_WARN_NON_LITERAL_NULL_CONVERSION = YES;
				CLANG_WARN_OBJC_IMPLICIT_RETAIN_SELF = YES;
				CLANG_WARN_OBJC_LITERAL_CONVERSION = YES;
				CLANG_WARN_OBJC_ROOT_CLASS = YES_ERROR;
				CLANG_WARN_RANGE_LOOP_ANALYSIS = YES;
				CLANG_WARN_STRICT_PROTOTYPES = YES;
				CLANG_WARN_SUSPICIOUS_MOVE = YES;
				CLANG_WARN_UNGUARDED_AVAILABILITY = YES_AGGRESSIVE;
				CLANG_WARN_UNREACHABLE_CODE = YES;
				CLANG_WARN__DUPLICATE_METHOD_MATCH = YES;
				CODE_SIGN_IDENTITY = "iPhone Developer";
				COPY_PHASE_STRIP = NO;
				DEBUG_INFORMATION_FORMAT = dwarf;
				ENABLE_STRICT_OBJC_MSGSEND = YES;
				ENABLE_TESTABILITY = YES;
				GCC_C_LANGUAGE_STANDARD = gnu11;
				GCC_DYNAMIC_NO_PIC = NO;
				GCC_NO_COMMON_BLOCKS = YES;
				GCC_OPTIMIZATION_LEVEL = 0;
				GCC_PREPROCESSOR_DEFINITIONS = (
					"DEBUG=1",
					"$(inherited)",
				);
				GCC_WARN_64_TO_32_BIT_CONVERSION = YES;
				GCC_WARN_ABOUT_RETURN_TYPE = YES_ERROR;
				GCC_WARN_UNDECLARED_SELECTOR = YES;
				GCC_WARN_UNINITIALIZED_AUTOS = YES_AGGRESSIVE;
				GCC_WARN_UNUSED_FUNCTION = YES;
				GCC_WARN_UNUSED_VARIABLE = YES;
				IPHONEOS_DEPLOYMENT_TARGET = 11.4;
				MTL_ENABLE_DEBUG_INFO = YES;
				ONLY_ACTIVE_ARCH = YES;
				SDKROOT = iphoneos;
			};
			name = Debug;
		};
		AF59E6F520C8C172008F975C /* Release */ = {
			isa = XCBuildConfiguration;
			buildSettings = {
				ALWAYS_SEARCH_USER_PATHS = NO;
				CLANG_ANALYZER_NONNULL = YES;
				CLANG_ANALYZER_NUMBER_OBJECT_CONVERSION = YES_AGGRESSIVE;
				CLANG_CXX_LANGUAGE_STANDARD = "gnu++14";
				CLANG_CXX_LIBRARY = "libc++";
				CLANG_ENABLE_MODULES = YES;
				CLANG_ENABLE_OBJC_ARC = YES;
				CLANG_ENABLE_OBJC_WEAK = YES;
				CLANG_WARN_BLOCK_CAPTURE_AUTORELEASING = YES;
				CLANG_WARN_BOOL_CONVERSION = YES;
				CLANG_WARN_COMMA = YES;
				CLANG_WARN_CONSTANT_CONVERSION = YES;
				CLANG_WARN_DEPRECATED_OBJC_IMPLEMENTATIONS = YES;
				CLANG_WARN_DIRECT_OBJC_ISA_USAGE = YES_ERROR;
				CLANG_WARN_DOCUMENTATION_COMMENTS = YES;
				CLANG_WARN_EMPTY_BODY = YES;
				CLANG_WARN_ENUM_CONVERSION = YES;
				CLANG_WARN_INFINITE_RECURSION = YES;
				CLANG_WARN_INT_CONVERSION = YES;
				CLANG_WARN_NON_LITERAL_NULL_CONVERSION = YES;
				CLANG_WARN_OBJC_IMPLICIT_RETAIN_SELF = YES;
				CLANG_WARN_OBJC_LITERAL_CONVERSION = YES;
				CLANG_WARN_OBJC_ROOT_CLASS = YES_ERROR;
				CLANG_WARN_RANGE_LOOP_ANALYSIS = YES;
				CLANG_WARN_STRICT_PROTOTYPES = YES;
				CLANG_WARN_SUSPICIOUS_MOVE = YES;
				CLANG_WARN_UNGUARDED_AVAILABILITY = YES_AGGRESSIVE;
				CLANG_WARN_UNREACHABLE_CODE = YES;
				CLANG_WARN__DUPLICATE_METHOD_MATCH = YES;
				CODE_SIGN_IDENTITY = "iPhone Developer";
				COPY_PHASE_STRIP = NO;
				DEBUG_INFORMATION_FORMAT = "dwarf-with-dsym";
				ENABLE_NS_ASSERTIONS = NO;
				ENABLE_STRICT_OBJC_MSGSEND = YES;
				GCC_C_LANGUAGE_STANDARD = gnu11;
				GCC_NO_COMMON_BLOCKS = YES;
				GCC_WARN_64_TO_32_BIT_CONVERSION = YES;
				GCC_WARN_ABOUT_RETURN_TYPE = YES_ERROR;
				GCC_WARN_UNDECLARED_SELECTOR = YES;
				GCC_WARN_UNINITIALIZED_AUTOS = YES_AGGRESSIVE;
				GCC_WARN_UNUSED_FUNCTION = YES;
				GCC_WARN_UNUSED_VARIABLE = YES;
				IPHONEOS_DEPLOYMENT_TARGET = 11.4;
				MTL_ENABLE_DEBUG_INFO = NO;
				SDKROOT = iphoneos;
				VALIDATE_PRODUCT = YES;
			};
			name = Release;
		};
		AF59E6F720C8C172008F975C /* Debug */ = {
			isa = XCBuildConfiguration;
			baseConfigurationReference = 74D72956FB9685A70508BAA2 /* Pods-FirstPod.debug.xcconfig */;
			buildSettings = {
				ASSETCATALOG_COMPILER_APPICON_NAME = AppIcon;
				CODE_SIGN_STYLE = Automatic;
				DEVELOPMENT_TEAM = LRVJA59928;
				INFOPLIST_FILE = FirstPod/Info.plist;
				IPHONEOS_DEPLOYMENT_TARGET = 9.0;
				LD_RUNPATH_SEARCH_PATHS = (
					"$(inherited)",
					"@executable_path/Frameworks",
				);
				PRODUCT_BUNDLE_IDENTIFIER = cn.xdf.leciMobile;
				PRODUCT_NAME = "$(TARGET_NAME)";
				TARGETED_DEVICE_FAMILY = "1,2";
			};
			name = Debug;
		};
		AF59E6F820C8C172008F975C /* Release */ = {
			isa = XCBuildConfiguration;
			baseConfigurationReference = 90E457EDEE02B8AE51F3C00C /* Pods-FirstPod.release.xcconfig */;
			buildSettings = {
				ASSETCATALOG_COMPILER_APPICON_NAME = AppIcon;
				CODE_SIGN_STYLE = Automatic;
				DEVELOPMENT_TEAM = LRVJA59928;
				INFOPLIST_FILE = FirstPod/Info.plist;
				IPHONEOS_DEPLOYMENT_TARGET = 9.0;
				LD_RUNPATH_SEARCH_PATHS = (
					"$(inherited)",
					"@executable_path/Frameworks",
				);
				PRODUCT_BUNDLE_IDENTIFIER = cn.xdf.leciMobile;
				PRODUCT_NAME = "$(TARGET_NAME)";
				TARGETED_DEVICE_FAMILY = "1,2";
			};
			name = Release;
		};
/* End XCBuildConfiguration section */

/* Begin XCConfigurationList section */
		AF59E6DB20C8C16D008F975C /* Build configuration list for PBXProject "FirstPod" */ = {
			isa = XCConfigurationList;
			buildConfigurations = (
				AF59E6F420C8C172008F975C /* Debug */,
				AF59E6F520C8C172008F975C /* Release */,
			);
			defaultConfigurationIsVisible = 0;
			defaultConfigurationName = Release;
		};
		AF59E6F620C8C172008F975C /* Build configuration list for PBXNativeTarget "FirstPod" */ = {
			isa = XCConfigurationList;
			buildConfigurations = (
				AF59E6F720C8C172008F975C /* Debug */,
				AF59E6F820C8C172008F975C /* Release */,
			);
			defaultConfigurationIsVisible = 0;
			defaultConfigurationName = Release;
		};
/* End XCConfigurationList section */
	};
	rootObject = AF59E6D820C8C16D008F975C /* Project object */;
}
